
Microsoft Visual Studio Solution File, Format Version 12.00
# Visual Studio Version 17
VisualStudioVersion = 17.4.33205.214
MinimumVisualStudioVersion = 10.0.40219.1
Project("{9A19103F-16F7-4668-BE54-9A1E7A4F7556}") = "CSharpeAssignment", "CSharpeAssignment\CSharpeAssignment.csproj", "{7C3AD25E-8E04-4E51-A09C-BF72B345B3A5}"
EndProject
Project("{9A19103F-16F7-4668-BE54-9A1E7A4F7556}") = "CSharpeAssignment1", "CSharpeAssignment1\CSharpeAssignment1.csproj", "{6DDEBD34-2C1E-407A-9F04-6E588355C70A}"
EndProject
Project("{9A19103F-16F7-4668-BE54-9A1E7A4F7556}") = "CSharpeassignment-2", "CSharpeassignment-2\CSharpeassignment-2.csproj", "{DB45F93C-3081-45F2-A875-0055A70DBAA7}"
EndProject
Project("{9A19103F-16F7-4668-BE54-9A1E7A4F7556}") = "Employeeproject", "Employeeproject\Employeeproject.csproj", "{F27F89F7-D6D9-4129-AF0A-379419EB8810}"
EndProject
Project("{9A19103F-16F7-4668-BE54-9A1E7A4F7556}") = "Schoolmanagement", "Schoolmanagement\Schoolmanagement.csproj", "{CF59DC51-D569-4EC0-AD4F-C0261503FEB1}"
EndProject
Project("{9A19103F-16F7-4668-BE54-9A1E7A4F7556}") = "ShoppingCartProject", "ShoppingCartProject\ShoppingCartProject.csproj", "{77F8F1AD-7E3A-4446-8BE6-CCD88998A183}"
EndProject
Project("{9A19103F-16F7-4668-BE54-9A1E7A4F7556}") = "SeleniumConcept", "SeleniumCocept\SeleniumConcept.csproj", "{DC28D481-D7CE-4FE2-B688-4AA43C7C9E7B}"
EndProject
Project("{9A19103F-16F7-4668-BE54-9A1E7A4F7556}") = "ParaBankProject", "ParaBankProject\ParaBankProject.csproj", "{51104FCB-E074-47DA-9126-B77182EAF805}"
EndProject
Project("{9A19103F-16F7-4668-BE54-9A1E7A4F7556}") = "GuruDemo", "GuruDemo\GuruDemo.csproj", "{7F518F47-5F3E-4CD9-A35F-367C14535F9C}"
EndProject
Project("{9A19103F-16F7-4668-BE54-9A1E7A4F7556}") = "FacebookLoginProject", "FacebookLoginProject\FacebookLoginProject.csproj", "{8BC9EC02-6803-431F-9779-F202F0EF56AD}"
EndProject
Project("{9A19103F-16F7-4668-BE54-9A1E7A4F7556}") = "SalesForceLoginPage", "SalesForceLoginPage\SalesForceLoginPage.csproj", "{DFA4D03A-280D-4A44-BF9E-A6BE7C959E2A}"
EndProject
Project("{9A19103F-16F7-4668-BE54-9A1E7A4F7556}") = "GoToMettingFreeTrial", "GoToMettingFreeTrial\GoToMettingFreeTrial.csproj", "{B682D686-32CA-49C8-A040-AE512F899A5B}"
EndProject
Project("{9A19103F-16F7-4668-BE54-9A1E7A4F7556}") = "MedibuddyLogin", "MedibuddyLogin\MedibuddyLogin.csproj", "{603D324C-B504-4563-865E-6A8E5D1E5AD7}"
EndProject
Project("{FAE04EC0-301F-11D3-BF4B-00C04F79EFBC}") = "NasscomLogin", "NasscomLogin\NasscomLogin.csproj", "{9C37A6F6-9DE2-4A63-BC03-8F705A3F28B5}"
EndProject
Project("{FAE04EC0-301F-11D3-BF4B-00C04F79EFBC}") = "OracleSignin", "OracleSignin\OracleSignin.csproj", "{1C3CCD6C-D158-4A35-94D0-20A251915EDA}"
EndProject
Global
	GlobalSection(SolutionConfigurationPlatforms) = preSolution
		Debug|Any CPU = Debug|Any CPU
		Release|Any CPU = Release|Any CPU
	EndGlobalSection
	GlobalSection(ProjectConfigurationPlatforms) = postSolution
		{7C3AD25E-8E04-4E51-A09C-BF72B345B3A5}.Debug|Any CPU.ActiveCfg = Debug|Any CPU
		{7C3AD25E-8E04-4E51-A09C-BF72B345B3A5}.Debug|Any CPU.Build.0 = Debug|Any CPU
		{7C3AD25E-8E04-4E51-A09C-BF72B345B3A5}.Release|Any CPU.ActiveCfg = Release|Any CPU
		{7C3AD25E-8E04-4E51-A09C-BF72B345B3A5}.Release|Any CPU.Build.0 = Release|Any CPU
		{6DDEBD34-2C1E-407A-9F04-6E588355C70A}.Debug|Any CPU.ActiveCfg = Debug|Any CPU
		{6DDEBD34-2C1E-407A-9F04-6E588355C70A}.Debug|Any CPU.Build.0 = Debug|Any CPU
		{6DDEBD34-2C1E-407A-9F04-6E588355C70A}.Release|Any CPU.ActiveCfg = Release|Any CPU
		{6DDEBD34-2C1E-407A-9F04-6E588355C70A}.Release|Any CPU.Build.0 = Release|Any CPU
		{DB45F93C-3081-45F2-A875-0055A70DBAA7}.Debug|Any CPU.ActiveCfg = Debug|Any CPU
		{DB45F93C-3081-45F2-A875-0055A70DBAA7}.Debug|Any CPU.Build.0 = Debug|Any CPU
		{DB45F93C-3081-45F2-A875-0055A70DBAA7}.Release|Any CPU.ActiveCfg = Release|Any CPU
		{DB45F93C-3081-45F2-A875-0055A70DBAA7}.Release|Any CPU.Build.0 = Release|Any CPU
		{F27F89F7-D6D9-4129-AF0A-379419EB8810}.Debug|Any CPU.ActiveCfg = Debug|Any CPU
		{F27F89F7-D6D9-4129-AF0A-379419EB8810}.Debug|Any CPU.Build.0 = Debug|Any CPU
		{F27F89F7-D6D9-4129-AF0A-379419EB8810}.Release|Any CPU.ActiveCfg = Release|Any CPU
		{F27F89F7-D6D9-4129-AF0A-379419EB8810}.Release|Any CPU.Build.0 = Release|Any CPU
		{CF59DC51-D569-4EC0-AD4F-C0261503FEB1}.Debug|Any CPU.ActiveCfg = Debug|Any CPU
		{CF59DC51-D569-4EC0-AD4F-C0261503FEB1}.Debug|Any CPU.Build.0 = Debug|Any CPU
		{CF59DC51-D569-4EC0-AD4F-C0261503FEB1}.Release|Any CPU.ActiveCfg = Release|Any CPU
		{CF59DC51-D569-4EC0-AD4F-C0261503FEB1}.Release|Any CPU.Build.0 = Release|Any CPU
		{77F8F1AD-7E3A-4446-8BE6-CCD88998A183}.Debug|Any CPU.ActiveCfg = Debug|Any CPU
		{77F8F1AD-7E3A-4446-8BE6-CCD88998A183}.Debug|Any CPU.Build.0 = Debug|Any CPU
		{77F8F1AD-7E3A-4446-8BE6-CCD88998A183}.Release|Any CPU.ActiveCfg = Release|Any CPU
		{77F8F1AD-7E3A-4446-8BE6-CCD88998A183}.Release|Any CPU.Build.0 = Release|Any CPU
		{DC28D481-D7CE-4FE2-B688-4AA43C7C9E7B}.Debug|Any CPU.ActiveCfg = Debug|Any CPU
		{DC28D481-D7CE-4FE2-B688-4AA43C7C9E7B}.Debug|Any CPU.Build.0 = Debug|Any CPU
		{DC28D481-D7CE-4FE2-B688-4AA43C7C9E7B}.Release|Any CPU.ActiveCfg = Release|Any CPU
		{DC28D481-D7CE-4FE2-B688-4AA43C7C9E7B}.Release|Any CPU.Build.0 = Release|Any CPU
		{51104FCB-E074-47DA-9126-B77182EAF805}.Debug|Any CPU.ActiveCfg = Debug|Any CPU
		{51104FCB-E074-47DA-9126-B77182EAF805}.Debug|Any CPU.Build.0 = Debug|Any CPU
		{51104FCB-E074-47DA-9126-B77182EAF805}.Release|Any CPU.ActiveCfg = Release|Any CPU
		{51104FCB-E074-47DA-9126-B77182EAF805}.Release|Any CPU.Build.0 = Release|Any CPU
		{7F518F47-5F3E-4CD9-A35F-367C14535F9C}.Debug|Any CPU.ActiveCfg = Debug|Any CPU
		{7F518F47-5F3E-4CD9-A35F-367C14535F9C}.Debug|Any CPU.Build.0 = Debug|Any CPU
		{7F518F47-5F3E-4CD9-A35F-367C14535F9C}.Release|Any CPU.ActiveCfg = Release|Any CPU
		{7F518F47-5F3E-4CD9-A35F-367C14535F9C}.Release|Any CPU.Build.0 = Release|Any CPU
		{8BC9EC02-6803-431F-9779-F202F0EF56AD}.Debug|Any CPU.ActiveCfg = Debug|Any CPU
		{8BC9EC02-6803-431F-9779-F202F0EF56AD}.Debug|Any CPU.Build.0 = Debug|Any CPU
		{8BC9EC02-6803-431F-9779-F202F0EF56AD}.Release|Any CPU.ActiveCfg = Release|Any CPU
		{8BC9EC02-6803-431F-9779-F202F0EF56AD}.Release|Any CPU.Build.0 = Release|Any CPU
		{DFA4D03A-280D-4A44-BF9E-A6BE7C959E2A}.Debug|Any CPU.ActiveCfg = Debug|Any CPU
		{DFA4D03A-280D-4A44-BF9E-A6BE7C959E2A}.Debug|Any CPU.Build.0 = Debug|Any CPU
		{DFA4D03A-280D-4A44-BF9E-A6BE7C959E2A}.Release|Any CPU.ActiveCfg = Release|Any CPU
		{DFA4D03A-280D-4A44-BF9E-A6BE7C959E2A}.Release|Any CPU.Build.0 = Release|Any CPU
		{B682D686-32CA-49C8-A040-AE512F899A5B}.Debug|Any CPU.ActiveCfg = Debug|Any CPU
		{B682D686-32CA-49C8-A040-AE512F899A5B}.Debug|Any CPU.Build.0 = Debug|Any CPU
		{B682D686-32CA-49C8-A040-AE512F899A5B}.Release|Any CPU.ActiveCfg = Release|Any CPU
		{B682D686-32CA-49C8-A040-AE512F899A5B}.Release|Any CPU.Build.0 = Release|Any CPU
		{603D324C-B504-4563-865E-6A8E5D1E5AD7}.Debug|Any CPU.ActiveCfg = Debug|Any CPU
		{603D324C-B504-4563-865E-6A8E5D1E5AD7}.Debug|Any CPU.Build.0 = Debug|Any CPU
		{603D324C-B504-4563-865E-6A8E5D1E5AD7}.Release|Any CPU.ActiveCfg = Release|Any CPU
		{603D324C-B504-4563-865E-6A8E5D1E5AD7}.Release|Any CPU.Build.0 = Release|Any CPU
		{9C37A6F6-9DE2-4A63-BC03-8F705A3F28B5}.Debug|Any CPU.ActiveCfg = Debug|Any CPU
		{9C37A6F6-9DE2-4A63-BC03-8F705A3F28B5}.Debug|Any CPU.Build.0 = Debug|Any CPU
		{9C37A6F6-9DE2-4A63-BC03-8F705A3F28B5}.Release|Any CPU.ActiveCfg = Release|Any CPU
		{9C37A6F6-9DE2-4A63-BC03-8F705A3F28B5}.Release|Any CPU.Build.0 = Release|Any CPU
		{1C3CCD6C-D158-4A35-94D0-20A251915EDA}.Debug|Any CPU.ActiveCfg = Debug|Any CPU
		{1C3CCD6C-D158-4A35-94D0-20A251915EDA}.Debug|Any CPU.Build.0 = Debug|Any CPU
		{1C3CCD6C-D158-4A35-94D0-20A251915EDA}.Release|Any CPU.ActiveCfg = Release|Any CPU
		{1C3CCD6C-D158-4A35-94D0-20A251915EDA}.Release|Any CPU.Build.0 = Release|Any CPU
	EndGlobalSection
	GlobalSection(SolutionProperties) = preSolution
		HideSolutionNode = FALSE
	EndGlobalSection
	GlobalSection(ExtensibilityGlobals) = postSolution
		SolutionGuid = {FBE6E877-ECF1-40C3-9209-6E725088B913}
	EndGlobalSection
EndGlobal
